
Microsoft Visual Studio Solution File, Format Version 12.00
# Visual Studio Version 17
VisualStudioVersion = 17.11.35327.3
MinimumVisualStudioVersion = 10.0.40219.1
Project("{9A19103F-16F7-4668-BE54-9A1E7A4F7556}") = "ClariciaSolution", "ClariciaSolution\ClariciaSolution.csproj", "{B9681479-E63D-4585-B7D5-F03CC750912A}"
EndProject
Project("{00D1A9C2-B5F0-4AF3-8072-F6C62B433612}") = "ClariciaCompany", "ClariciaCompany\ClariciaCompany.sqlproj", "{95A05D0C-E300-4CD2-838E-9DC55242A1FE}"
EndProject
Project("{FAE04EC0-301F-11D3-BF4B-00C04F79EFBC}") = "Clariciaclass", "Clariciaclass\Clariciaclass.csproj", "{597551F5-5FE7-444B-BDA6-CC0D4EDF84C7}"
EndProject
Global
	GlobalSection(SolutionConfigurationPlatforms) = preSolution
		Debug|Any CPU = Debug|Any CPU
		Release|Any CPU = Release|Any CPU
	EndGlobalSection
	GlobalSection(ProjectConfigurationPlatforms) = postSolution
		{B9681479-E63D-4585-B7D5-F03CC750912A}.Debug|Any CPU.ActiveCfg = Debug|Any CPU
		{B9681479-E63D-4585-B7D5-F03CC750912A}.Debug|Any CPU.Build.0 = Debug|Any CPU
		{B9681479-E63D-4585-B7D5-F03CC750912A}.Release|Any CPU.ActiveCfg = Release|Any CPU
		{B9681479-E63D-4585-B7D5-F03CC750912A}.Release|Any CPU.Build.0 = Release|Any CPU
		{95A05D0C-E300-4CD2-838E-9DC55242A1FE}.Debug|Any CPU.ActiveCfg = Debug|Any CPU
		{95A05D0C-E300-4CD2-838E-9DC55242A1FE}.Debug|Any CPU.Build.0 = Debug|Any CPU
		{95A05D0C-E300-4CD2-838E-9DC55242A1FE}.Debug|Any CPU.Deploy.0 = Debug|Any CPU
		{95A05D0C-E300-4CD2-838E-9DC55242A1FE}.Release|Any CPU.ActiveCfg = Release|Any CPU
		{95A05D0C-E300-4CD2-838E-9DC55242A1FE}.Release|Any CPU.Build.0 = Release|Any CPU
		{95A05D0C-E300-4CD2-838E-9DC55242A1FE}.Release|Any CPU.Deploy.0 = Release|Any CPU
		{597551F5-5FE7-444B-BDA6-CC0D4EDF84C7}.Debug|Any CPU.ActiveCfg = Debug|Any CPU
		{597551F5-5FE7-444B-BDA6-CC0D4EDF84C7}.Debug|Any CPU.Build.0 = Debug|Any CPU
		{597551F5-5FE7-444B-BDA6-CC0D4EDF84C7}.Release|Any CPU.ActiveCfg = Release|Any CPU
		{597551F5-5FE7-444B-BDA6-CC0D4EDF84C7}.Release|Any CPU.Build.0 = Release|Any CPU
	EndGlobalSection
	GlobalSection(SolutionProperties) = preSolution
		HideSolutionNode = FALSE
	EndGlobalSection
	GlobalSection(ExtensibilityGlobals) = postSolution
		SolutionGuid = {222B0C23-4FF7-4587-8100-F59DDC8E6820}
	EndGlobalSection
EndGlobal
